# This file was autogenerated by Stack.
# You should not edit this file by hand.
# For more information, please see the documentation at:
#   https://docs.haskellstack.org/en/stable/lock_files

packages:
- completed:
    hackage: fuzzyfind-3.0.1@sha256:78f89c1d79adf0a15fa2e57c693d42b4765ccfbbe380d0c9d7da6bff9f124f85,1823
    pantry-tree:
      sha256: 46f001ec2725d3172161c993bc8fbcf0514e3ba736f868fe2c2655e1ff49dad1
      size: 542
  original:
    hackage: fuzzyfind-3.0.1
snapshots:
- completed:
    sha256: 7b975b104cb3dbf0c297dfd01f936a4d2ee523241dd0b1ae960522b833fe3027
    size: 714096
    url: https://raw.githubusercontent.com/commercialhaskell/stackage-snapshots/master/lts/22/7.yaml
  original:
    url: https://raw.githubusercontent.com/commercialhaskell/stackage-snapshots/master/lts/22/7.yaml
